
Microsoft Visual Studio Solution File, Format Version 12.00
# Visual Studio Version 17
VisualStudioVersion = 17.7.34031.279
MinimumVisualStudioVersion = 10.0.40219.1
Project("{FAE04EC0-301F-11D3-BF4B-00C04F79EFBC}") = "DidierGuerrero_TallerMVC2", "DidierGuerrero_TallerMVC2.csproj", "{FA94E1F1-7EBB-485F-8F7D-B7EAED7112B4}"
EndProject
Global
	GlobalSection(SolutionConfigurationPlatforms) = preSolution
		Debug|Any CPU = Debug|Any CPU
		Release|Any CPU = Release|Any CPU
	EndGlobalSection
	GlobalSection(ProjectConfigurationPlatforms) = postSolution
		{FA94E1F1-7EBB-485F-8F7D-B7EAED7112B4}.Debug|Any CPU.ActiveCfg = Debug|Any CPU
		{FA94E1F1-7EBB-485F-8F7D-B7EAED7112B4}.Debug|Any CPU.Build.0 = Debug|Any CPU
		{FA94E1F1-7EBB-485F-8F7D-B7EAED7112B4}.Release|Any CPU.ActiveCfg = Release|Any CPU
		{FA94E1F1-7EBB-485F-8F7D-B7EAED7112B4}.Release|Any CPU.Build.0 = Release|Any CPU
	EndGlobalSection
	GlobalSection(SolutionProperties) = preSolution
		HideSolutionNode = FALSE
	EndGlobalSection
	GlobalSection(ExtensibilityGlobals) = postSolution
		SolutionGuid = {E529EED0-B797-49E9-A949-7DEF0C823C35}
	EndGlobalSection
EndGlobal
